github.com/go-telegram/bot v1.20.0 h1:4Pea/qTidSspr4WBJw9FbHUMNhYeqszBqQUfsQEyFbc=
github.com/go-telegram/bot v1.20.0/go.mod h1:i2TRs7fXWIeaceF3z7KzsMt/he0TwkVC680mvdTFYeM=
github.com/mattn/go-sqlite3 v1.14.45 h1:6KA/spDguL3KV8rnybG7ezSaE4SeMR3KC9VbUoAQaIk=
github.com/mattn/go-sqlite3 v1.14.45/go.mod h1:pjEuOr8IwzLJP2MfGeTb0A35jauH+C2kbHKBr7yXKVQ=
